
Microsoft Visual Studio Solution File, Format Version 12.00
# Visual Studio Version 17
VisualStudioVersion = 17.4.33205.214
MinimumVisualStudioVersion = 10.0.40219.1
Project("{2150E333-8FDC-42A3-9474-1A3956D46DE8}") = "framework", "framework", "{34494A92-1E89-46E6-8504-A8558E9B43AC}"
EndProject
Project("{9A19103F-16F7-4668-BE54-9A1E7A4F7556}") = "Maomi.Core", "framework\Maomi.Core\Maomi.Core.csproj", "{E8C68478-9793-46E7-B6C8-614EB78A641B}"
EndProject
Project("{2150E333-8FDC-42A3-9474-1A3956D46DE8}") = "demo", "demo", "{EDF4DC8D-8FA5-425B-BA01-23617A9DCE50}"
EndProject
Project("{9A19103F-16F7-4668-BE54-9A1E7A4F7556}") = "Maomi.Core.Tests", "framework\Maomi.Core.Tests\Maomi.Core.Tests.csproj", "{53F4A041-E3B5-40D9-8BBA-3114F9D00743}"
EndProject
Project("{2150E333-8FDC-42A3-9474-1A3956D46DE8}") = "1", "1", "{3F478664-4837-4CBB-BA5A-A3C61F6668F1}"
EndProject
Project("{9A19103F-16F7-4668-BE54-9A1E7A4F7556}") = "Demo1.Application", "demo\1\Demo1.Application\Demo1.Application.csproj", "{549F9A4D-E0D6-4B77-B91E-3DDA9AD9DC07}"
EndProject
Project("{9A19103F-16F7-4668-BE54-9A1E7A4F7556}") = "Demo1.Api", "demo\1\Demo1.Api\Demo1.Api.csproj", "{E032E2C0-63B1-49A8-AACE-F0C97DA3FFF8}"
EndProject
Project("{2150E333-8FDC-42A3-9474-1A3956D46DE8}") = "2", "2", "{6FDBFD60-1F24-416D-90DD-461CF93B67D6}"
EndProject
Project("{9A19103F-16F7-4668-BE54-9A1E7A4F7556}") = "Demo2.Api", "demo\2\Demo2.Api\Demo2.Api.csproj", "{4164F693-0B22-471F-AEDA-8E08AF7A65CF}"
EndProject
Project("{9A19103F-16F7-4668-BE54-9A1E7A4F7556}") = "Demo2.Application", "demo\2\Demo2.Application\Demo2.Application.csproj", "{E6E2EA8D-1911-47A6-91EC-A31F0DFC4B80}"
EndProject
Project("{2150E333-8FDC-42A3-9474-1A3956D46DE8}") = "3", "3", "{C1EC0CEB-690F-48FB-A491-20506246EF6A}"
EndProject
Project("{9A19103F-16F7-4668-BE54-9A1E7A4F7556}") = "Demo3.Console", "demo\3\Demo3.Console\Demo3.Console.csproj", "{02803CEF-037B-4EAF-8B2A-F25DF60F3089}"
EndProject
Project("{FAE04EC0-301F-11D3-BF4B-00C04F79EFBC}") = "Demo3.Api", "demo\3\Demo3.Api\Demo3.Api.csproj", "{52433D42-AC06-4FB1-899E-71E166CEB772}"
EndProject
Project("{2150E333-8FDC-42A3-9474-1A3956D46DE8}") = "4", "4", "{DE9CB486-58F1-49D1-B9D9-59BE0E2D4A4F}"
EndProject
Project("{FAE04EC0-301F-11D3-BF4B-00C04F79EFBC}") = "Demo4.Console", "demo\4\Demo4.Console\Demo4.Console.csproj", "{9E345C82-798C-4852-9E29-06DF1B844C30}"
EndProject
Project("{FAE04EC0-301F-11D3-BF4B-00C04F79EFBC}") = "Demo4.ConfigCenter", "demo\4\Demo4.ConfigCenter\Demo4.ConfigCenter.csproj", "{9FCC33C6-4DD1-4365-AA13-EA5C37F25576}"
EndProject
Project("{FAE04EC0-301F-11D3-BF4B-00C04F79EFBC}") = "Demo4.Api", "demo\4\Demo4.Api\Demo4.Api.csproj", "{F9D02DD9-D54E-4880-B903-D6A33D34CE6F}"
EndProject
Project("{2150E333-8FDC-42A3-9474-1A3956D46DE8}") = "5", "5", "{C54DE49A-ADA6-4526-845F-40BF97386890}"
EndProject
Project("{FAE04EC0-301F-11D3-BF4B-00C04F79EFBC}") = "Demo5.Console", "demo\5\Demo5.Console\Demo5.Console.csproj", "{A0A501BD-59F0-47EA-B21F-9C5C540E8E22}"
EndProject
Project("{FAE04EC0-301F-11D3-BF4B-00C04F79EFBC}") = "Demo5.Benchmark", "demo\5\Demo5.Benchmark\Demo5.Benchmark.csproj", "{F0582F0B-43F7-4FF1-AA1E-1E9456752BE0}"
EndProject
Project("{FAE04EC0-301F-11D3-BF4B-00C04F79EFBC}") = "Maomi.I18n", "framework\Maomi.I18n\Maomi.I18n.csproj", "{86F28BCE-1556-475D-A4B3-E9CC862AA9E2}"
EndProject
Project("{FAE04EC0-301F-11D3-BF4B-00C04F79EFBC}") = "Demo6.Api", "demo\6\Demo6.Api\Demo6.Api.csproj", "{78C55CF0-2C09-4B08-B4D9-AFF3F5BDE49F}"
EndProject
Global
	GlobalSection(SolutionConfigurationPlatforms) = preSolution
		Debug|Any CPU = Debug|Any CPU
		Release|Any CPU = Release|Any CPU
	EndGlobalSection
	GlobalSection(ProjectConfigurationPlatforms) = postSolution
		{E8C68478-9793-46E7-B6C8-614EB78A641B}.Debug|Any CPU.ActiveCfg = Debug|Any CPU
		{E8C68478-9793-46E7-B6C8-614EB78A641B}.Debug|Any CPU.Build.0 = Debug|Any CPU
		{E8C68478-9793-46E7-B6C8-614EB78A641B}.Release|Any CPU.ActiveCfg = Release|Any CPU
		{E8C68478-9793-46E7-B6C8-614EB78A641B}.Release|Any CPU.Build.0 = Release|Any CPU
		{53F4A041-E3B5-40D9-8BBA-3114F9D00743}.Debug|Any CPU.ActiveCfg = Debug|Any CPU
		{53F4A041-E3B5-40D9-8BBA-3114F9D00743}.Debug|Any CPU.Build.0 = Debug|Any CPU
		{53F4A041-E3B5-40D9-8BBA-3114F9D00743}.Release|Any CPU.ActiveCfg = Release|Any CPU
		{53F4A041-E3B5-40D9-8BBA-3114F9D00743}.Release|Any CPU.Build.0 = Release|Any CPU
		{549F9A4D-E0D6-4B77-B91E-3DDA9AD9DC07}.Debug|Any CPU.ActiveCfg = Debug|Any CPU
		{549F9A4D-E0D6-4B77-B91E-3DDA9AD9DC07}.Debug|Any CPU.Build.0 = Debug|Any CPU
		{549F9A4D-E0D6-4B77-B91E-3DDA9AD9DC07}.Release|Any CPU.ActiveCfg = Release|Any CPU
		{549F9A4D-E0D6-4B77-B91E-3DDA9AD9DC07}.Release|Any CPU.Build.0 = Release|Any CPU
		{E032E2C0-63B1-49A8-AACE-F0C97DA3FFF8}.Debug|Any CPU.ActiveCfg = Debug|Any CPU
		{E032E2C0-63B1-49A8-AACE-F0C97DA3FFF8}.Debug|Any CPU.Build.0 = Debug|Any CPU
		{E032E2C0-63B1-49A8-AACE-F0C97DA3FFF8}.Release|Any CPU.ActiveCfg = Release|Any CPU
		{E032E2C0-63B1-49A8-AACE-F0C97DA3FFF8}.Release|Any CPU.Build.0 = Release|Any CPU
		{4164F693-0B22-471F-AEDA-8E08AF7A65CF}.Debug|Any CPU.ActiveCfg = Debug|Any CPU
		{4164F693-0B22-471F-AEDA-8E08AF7A65CF}.Debug|Any CPU.Build.0 = Debug|Any CPU
		{4164F693-0B22-471F-AEDA-8E08AF7A65CF}.Release|Any CPU.ActiveCfg = Release|Any CPU
		{4164F693-0B22-471F-AEDA-8E08AF7A65CF}.Release|Any CPU.Build.0 = Release|Any CPU
		{E6E2EA8D-1911-47A6-91EC-A31F0DFC4B80}.Debug|Any CPU.ActiveCfg = Debug|Any CPU
		{E6E2EA8D-1911-47A6-91EC-A31F0DFC4B80}.Debug|Any CPU.Build.0 = Debug|Any CPU
		{E6E2EA8D-1911-47A6-91EC-A31F0DFC4B80}.Release|Any CPU.ActiveCfg = Release|Any CPU
		{E6E2EA8D-1911-47A6-91EC-A31F0DFC4B80}.Release|Any CPU.Build.0 = Release|Any CPU
		{02803CEF-037B-4EAF-8B2A-F25DF60F3089}.Debug|Any CPU.ActiveCfg = Debug|Any CPU
		{02803CEF-037B-4EAF-8B2A-F25DF60F3089}.Debug|Any CPU.Build.0 = Debug|Any CPU
		{02803CEF-037B-4EAF-8B2A-F25DF60F3089}.Release|Any CPU.ActiveCfg = Release|Any CPU
		{02803CEF-037B-4EAF-8B2A-F25DF60F3089}.Release|Any CPU.Build.0 = Release|Any CPU
		{52433D42-AC06-4FB1-899E-71E166CEB772}.Debug|Any CPU.ActiveCfg = Debug|Any CPU
		{52433D42-AC06-4FB1-899E-71E166CEB772}.Debug|Any CPU.Build.0 = Debug|Any CPU
		{52433D42-AC06-4FB1-899E-71E166CEB772}.Release|Any CPU.ActiveCfg = Release|Any CPU
		{52433D42-AC06-4FB1-899E-71E166CEB772}.Release|Any CPU.Build.0 = Release|Any CPU
		{9E345C82-798C-4852-9E29-06DF1B844C30}.Debug|Any CPU.ActiveCfg = Debug|Any CPU
		{9E345C82-798C-4852-9E29-06DF1B844C30}.Debug|Any CPU.Build.0 = Debug|Any CPU
		{9E345C82-798C-4852-9E29-06DF1B844C30}.Release|Any CPU.ActiveCfg = Release|Any CPU
		{9E345C82-798C-4852-9E29-06DF1B844C30}.Release|Any CPU.Build.0 = Release|Any CPU
		{9FCC33C6-4DD1-4365-AA13-EA5C37F25576}.Debug|Any CPU.ActiveCfg = Debug|Any CPU
		{9FCC33C6-4DD1-4365-AA13-EA5C37F25576}.Debug|Any CPU.Build.0 = Debug|Any CPU
		{9FCC33C6-4DD1-4365-AA13-EA5C37F25576}.Release|Any CPU.ActiveCfg = Release|Any CPU
		{9FCC33C6-4DD1-4365-AA13-EA5C37F25576}.Release|Any CPU.Build.0 = Release|Any CPU
		{F9D02DD9-D54E-4880-B903-D6A33D34CE6F}.Debug|Any CPU.ActiveCfg = Debug|Any CPU
		{F9D02DD9-D54E-4880-B903-D6A33D34CE6F}.Debug|Any CPU.Build.0 = Debug|Any CPU
		{F9D02DD9-D54E-4880-B903-D6A33D34CE6F}.Release|Any CPU.ActiveCfg = Release|Any CPU
		{F9D02DD9-D54E-4880-B903-D6A33D34CE6F}.Release|Any CPU.Build.0 = Release|Any CPU
		{A0A501BD-59F0-47EA-B21F-9C5C540E8E22}.Debug|Any CPU.ActiveCfg = Debug|Any CPU
		{A0A501BD-59F0-47EA-B21F-9C5C540E8E22}.Debug|Any CPU.Build.0 = Debug|Any CPU
		{A0A501BD-59F0-47EA-B21F-9C5C540E8E22}.Release|Any CPU.ActiveCfg = Release|Any CPU
		{A0A501BD-59F0-47EA-B21F-9C5C540E8E22}.Release|Any CPU.Build.0 = Release|Any CPU
		{F0582F0B-43F7-4FF1-AA1E-1E9456752BE0}.Debug|Any CPU.ActiveCfg = Debug|Any CPU
		{F0582F0B-43F7-4FF1-AA1E-1E9456752BE0}.Debug|Any CPU.Build.0 = Debug|Any CPU
		{F0582F0B-43F7-4FF1-AA1E-1E9456752BE0}.Release|Any CPU.ActiveCfg = Release|Any CPU
		{F0582F0B-43F7-4FF1-AA1E-1E9456752BE0}.Release|Any CPU.Build.0 = Release|Any CPU
		{86F28BCE-1556-475D-A4B3-E9CC862AA9E2}.Debug|Any CPU.ActiveCfg = Debug|Any CPU
		{86F28BCE-1556-475D-A4B3-E9CC862AA9E2}.Debug|Any CPU.Build.0 = Debug|Any CPU
		{86F28BCE-1556-475D-A4B3-E9CC862AA9E2}.Release|Any CPU.ActiveCfg = Release|Any CPU
		{86F28BCE-1556-475D-A4B3-E9CC862AA9E2}.Release|Any CPU.Build.0 = Release|Any CPU
		{78C55CF0-2C09-4B08-B4D9-AFF3F5BDE49F}.Debug|Any CPU.ActiveCfg = Debug|Any CPU
		{78C55CF0-2C09-4B08-B4D9-AFF3F5BDE49F}.Debug|Any CPU.Build.0 = Debug|Any CPU
		{78C55CF0-2C09-4B08-B4D9-AFF3F5BDE49F}.Release|Any CPU.ActiveCfg = Release|Any CPU
		{78C55CF0-2C09-4B08-B4D9-AFF3F5BDE49F}.Release|Any CPU.Build.0 = Release|Any CPU
	EndGlobalSection
	GlobalSection(SolutionProperties) = preSolution
		HideSolutionNode = FALSE
	EndGlobalSection
	GlobalSection(NestedProjects) = preSolution
		{E8C68478-9793-46E7-B6C8-614EB78A641B} = {34494A92-1E89-46E6-8504-A8558E9B43AC}
		{53F4A041-E3B5-40D9-8BBA-3114F9D00743} = {34494A92-1E89-46E6-8504-A8558E9B43AC}
		{3F478664-4837-4CBB-BA5A-A3C61F6668F1} = {EDF4DC8D-8FA5-425B-BA01-23617A9DCE50}
		{549F9A4D-E0D6-4B77-B91E-3DDA9AD9DC07} = {3F478664-4837-4CBB-BA5A-A3C61F6668F1}
		{E032E2C0-63B1-49A8-AACE-F0C97DA3FFF8} = {3F478664-4837-4CBB-BA5A-A3C61F6668F1}
		{6FDBFD60-1F24-416D-90DD-461CF93B67D6} = {EDF4DC8D-8FA5-425B-BA01-23617A9DCE50}
		{4164F693-0B22-471F-AEDA-8E08AF7A65CF} = {6FDBFD60-1F24-416D-90DD-461CF93B67D6}
		{E6E2EA8D-1911-47A6-91EC-A31F0DFC4B80} = {6FDBFD60-1F24-416D-90DD-461CF93B67D6}
		{C1EC0CEB-690F-48FB-A491-20506246EF6A} = {EDF4DC8D-8FA5-425B-BA01-23617A9DCE50}
		{02803CEF-037B-4EAF-8B2A-F25DF60F3089} = {C1EC0CEB-690F-48FB-A491-20506246EF6A}
		{52433D42-AC06-4FB1-899E-71E166CEB772} = {C1EC0CEB-690F-48FB-A491-20506246EF6A}
		{DE9CB486-58F1-49D1-B9D9-59BE0E2D4A4F} = {EDF4DC8D-8FA5-425B-BA01-23617A9DCE50}
		{9E345C82-798C-4852-9E29-06DF1B844C30} = {DE9CB486-58F1-49D1-B9D9-59BE0E2D4A4F}
		{9FCC33C6-4DD1-4365-AA13-EA5C37F25576} = {DE9CB486-58F1-49D1-B9D9-59BE0E2D4A4F}
		{F9D02DD9-D54E-4880-B903-D6A33D34CE6F} = {DE9CB486-58F1-49D1-B9D9-59BE0E2D4A4F}
		{C54DE49A-ADA6-4526-845F-40BF97386890} = {EDF4DC8D-8FA5-425B-BA01-23617A9DCE50}
		{A0A501BD-59F0-47EA-B21F-9C5C540E8E22} = {C54DE49A-ADA6-4526-845F-40BF97386890}
		{F0582F0B-43F7-4FF1-AA1E-1E9456752BE0} = {C54DE49A-ADA6-4526-845F-40BF97386890}
		{86F28BCE-1556-475D-A4B3-E9CC862AA9E2} = {34494A92-1E89-46E6-8504-A8558E9B43AC}
		{78C55CF0-2C09-4B08-B4D9-AFF3F5BDE49F} = {EDF4DC8D-8FA5-425B-BA01-23617A9DCE50}
	EndGlobalSection
	GlobalSection(ExtensibilityGlobals) = postSolution
		SolutionGuid = {0912EEF8-B8DF-4911-825C-B9B65FC0A716}
	EndGlobalSection
EndGlobal
