Microsoft Visual Studio Solution File, Format Version 12.00
# Visual Studio Version 17
VisualStudioVersion = 17.4.33205.214
MinimumVisualStudioVersion = 10.0.40219.1
Project("{2150E333-8FDC-42A3-9474-1A3956D46DE8}") = "framework", "framework", "{34494A92-1E89-46E6-8504-A8558E9B43AC}"
EndProject
Project("{9A19103F-16F7-4668-BE54-9A1E7A4F7556}") = "Maomi.Core", "framework\Maomi.Core\Maomi.Core.csproj", "{E8C68478-9793-46E7-B6C8-614EB78A641B}"
EndProject
Project("{2150E333-8FDC-42A3-9474-1A3956D46DE8}") = "demo", "demo", "{EDF4DC8D-8FA5-425B-BA01-23617A9DCE50}"
EndProject
Project("{9A19103F-16F7-4668-BE54-9A1E7A4F7556}") = "Maomi.Core.Tests", "framework\Maomi.Core.Tests\Maomi.Core.Tests.csproj", "{53F4A041-E3B5-40D9-8BBA-3114F9D00743}"
EndProject
Project("{2150E333-8FDC-42A3-9474-1A3956D46DE8}") = "01", "01", "{3F478664-4837-4CBB-BA5A-A3C61F6668F1}"
EndProject
Project("{9A19103F-16F7-4668-BE54-9A1E7A4F7556}") = "Demo1.Application", "demo\1\Demo1.Application\Demo1.Application.csproj", "{549F9A4D-E0D6-4B77-B91E-3DDA9AD9DC07}"
EndProject
Project("{9A19103F-16F7-4668-BE54-9A1E7A4F7556}") = "Demo1.Api", "demo\1\Demo1.Api\Demo1.Api.csproj", "{E032E2C0-63B1-49A8-AACE-F0C97DA3FFF8}"
EndProject
Project("{2150E333-8FDC-42A3-9474-1A3956D46DE8}") = "02", "02", "{6FDBFD60-1F24-416D-90DD-461CF93B67D6}"
EndProject
Project("{2150E333-8FDC-42A3-9474-1A3956D46DE8}") = "03", "03", "{C1EC0CEB-690F-48FB-A491-20506246EF6A}"
EndProject
Project("{9A19103F-16F7-4668-BE54-9A1E7A4F7556}") = "Demo2.Console", "demo\2\Demo2.Console\Demo2.Console.csproj", "{02803CEF-037B-4EAF-8B2A-F25DF60F3089}"
EndProject
Project("{9A19103F-16F7-4668-BE54-9A1E7A4F7556}") = "Demo2.Api", "demo\2\Demo2.Api\Demo2.Api.csproj", "{52433D42-AC06-4FB1-899E-71E166CEB772}"
EndProject
Project("{2150E333-8FDC-42A3-9474-1A3956D46DE8}") = "04", "04", "{DE9CB486-58F1-49D1-B9D9-59BE0E2D4A4F}"
EndProject
Project("{2150E333-8FDC-42A3-9474-1A3956D46DE8}") = "05", "05", "{C54DE49A-ADA6-4526-845F-40BF97386890}"
EndProject
Project("{9A19103F-16F7-4668-BE54-9A1E7A4F7556}") = "Demo4.Console", "demo\4\Demo4.Console\Demo4.Console.csproj", "{A0A501BD-59F0-47EA-B21F-9C5C540E8E22}"
EndProject
Project("{9A19103F-16F7-4668-BE54-9A1E7A4F7556}") = "Demo4.Benchmark", "demo\4\Demo4.Benchmark\Demo4.Benchmark.csproj", "{F0582F0B-43F7-4FF1-AA1E-1E9456752BE0}"
EndProject
Project("{9A19103F-16F7-4668-BE54-9A1E7A4F7556}") = "Maomi.I18n", "framework\Maomi.I18n\Maomi.I18n.csproj", "{86F28BCE-1556-475D-A4B3-E9CC862AA9E2}"
EndProject
Project("{9A19103F-16F7-4668-BE54-9A1E7A4F7556}") = "Demo5.Api", "demo\5\Demo5.Api\Demo5.Api.csproj", "{78C55CF0-2C09-4B08-B4D9-AFF3F5BDE49F}"
EndProject
Project("{9A19103F-16F7-4668-BE54-9A1E7A4F7556}") = "Demo6.Console", "demo\6\Demo6.Console\Demo6.Console.csproj", "{269C05CA-FECC-4689-AB14-0B2D2950A3E4}"
EndProject
Project("{9A19103F-16F7-4668-BE54-9A1E7A4F7556}") = "Maomi.I18n.Tests", "framework\Maomi.I18n.Tests\Maomi.I18n.Tests.csproj", "{E3B0E807-85B9-48C2-B34E-D01A6247CE2E}"
EndProject
Project("{2150E333-8FDC-42A3-9474-1A3956D46DE8}") = "06", "06", "{CE8B1FCE-0FF4-483C-B362-E5275769E057}"
EndProject
Project("{9A19103F-16F7-4668-BE54-9A1E7A4F7556}") = "Demo6.Api", "demo\6\Demo6.Api\Demo6.Api.csproj", "{09196787-67D4-4E70-A4A3-D1807E922069}"
EndProject
Project("{2150E333-8FDC-42A3-9474-1A3956D46DE8}") = "08", "08", "{0E8BD1B5-6FF9-451C-9C73-52D3A45F74C5}"
EndProject
Project("{9A19103F-16F7-4668-BE54-9A1E7A4F7556}") = "Maomi.EventBus", "framework\Maomi.EventBus\Maomi.EventBus.csproj", "{47A5CCC3-10EB-4ADB-A1C0-2248D917D1C9}"
EndProject
Project("{9A19103F-16F7-4668-BE54-9A1E7A4F7556}") = "Maomi.EventBus.Tests", "framework\Maomi.EventBus.Tests\Maomi.EventBus.Tests.csproj", "{CB4C4B75-7EDC-4D7A-9A3D-9DAAA065B4F9}"
EndProject
Project("{2150E333-8FDC-42A3-9474-1A3956D46DE8}") = "09", "09", "{6AAD62A7-CE11-4F5C-B679-9A7062CF6F51}"
EndProject
Project("{9A19103F-16F7-4668-BE54-9A1E7A4F7556}") = "Demo8.Console", "demo\8\Demo8.Console\Demo8.Console.csproj", "{91B08CFC-74FD-4EFD-BC7E-0A541882B665}"
EndProject
Project("{FAE04EC0-301F-11D3-BF4B-00C04F79EFBC}") = "Demo8.FxConsole", "demo\8\Demo8.FxConsole\Demo8.FxConsole.csproj", "{BA924397-C7F6-4612-8392-93A810964204}"
EndProject
Project("{2150E333-8FDC-42A3-9474-1A3956D46DE8}") = "10", "10", "{6945D2E4-394A-4F03-A877-C5AFED245929}"
EndProject
Project("{9A19103F-16F7-4668-BE54-9A1E7A4F7556}") = "Maomi.Web.Core", "framework\Maomi.Web.Core\Maomi.Web.Core.csproj", "{7AFE762C-4649-4CFA-9300-AD4B0D9FA71D}"
EndProject
Project("{9A19103F-16F7-4668-BE54-9A1E7A4F7556}") = "Maomi.I18n.Redis", "framework\Maomi.I18n.Redis\Maomi.I18n.Redis.csproj", "{49EA9318-7156-4B6B-9873-A160FB02DEE5}"
EndProject
Project("{9A19103F-16F7-4668-BE54-9A1E7A4F7556}") = "Demo5.Lib", "demo\5\Demo5.Lib\Demo5.Lib.csproj", "{1D2BFDED-0BE1-449C-BF1C-02C4B83EA299}"
EndProject
Project("{9A19103F-16F7-4668-BE54-9A1E7A4F7556}") = "Demo5.Console", "demo\5\Demo5.Console\Demo5.Console.csproj", "{01754174-F81E-4C91-9E4C-CFCB9796BEC9}"
EndProject
Project("{9A19103F-16F7-4668-BE54-9A1E7A4F7556}") = "Demo5.Redis", "demo\5\Demo5.Redis\Demo5.Redis.csproj", "{219581F0-DFBB-4CFD-BA54-9EE40DE9FAB7}"
EndProject
Project("{2150E333-8FDC-42A3-9474-1A3956D46DE8}") = "AOP", "AOP", "{4F5E5E53-FEC7-4348-8C57-7FC9FA118BB2}"
EndProject
Project("{9A19103F-16F7-4668-BE54-9A1E7A4F7556}") = "Demo8.CZGLAOP", "demo\8\Demo8.CZGLAOP\Demo8.CZGLAOP.csproj", "{817A088E-FA17-42AE-A697-9239A5CBAFD4}"
EndProject
Project("{9A19103F-16F7-4668-BE54-9A1E7A4F7556}") = "Demo8.Roslyn", "demo\8\Demo8.Roslyn\Demo8.Roslyn.csproj", "{DACD1DE9-E220-4BE4-9D33-033D8915C31A}"
EndProject
Project("{9A19103F-16F7-4668-BE54-9A1E7A4F7556}") = "Demo8.Natasha", "demo\8\Demo8.Natasha\Demo8.Natasha.csproj", "{248C7F07-7F3C-4F01-9682-23EC5CB59236}"
EndProject
Project("{9A19103F-16F7-4668-BE54-9A1E7A4F7556}") = "Demo8.SGBuild", "demo\8\Demo8.SGBuild\Demo8.SGBuild.csproj", "{CFAA258C-BA35-40FB-A153-594AC7BBC553}"
EndProject
Project("{9A19103F-16F7-4668-BE54-9A1E7A4F7556}") = "Demo8.UseSG", "demo\8\Demo8.UseSG\Demo8.UseSG.csproj", "{8051E557-84B7-4546-A318-9EA6F7B7B1B4}"
EndProject
Project("{9A19103F-16F7-4668-BE54-9A1E7A4F7556}") = "Demo9.ConsoleDataAnnotations", "demo\9\Demo9.ConsoleDataAnnotations\Demo9.ConsoleDataAnnotations.csproj", "{819B397C-684F-43BB-99FD-DF3D652A7FDA}"
EndProject
Project("{9A19103F-16F7-4668-BE54-9A1E7A4F7556}") = "Demo9.ApiDataAnnotations", "demo\9\Demo9.ApiDataAnnotations\Demo9.ApiDataAnnotations.csproj", "{E63E5314-39BB-4187-B0AD-380146558F54}"
EndProject
Project("{9A19103F-16F7-4668-BE54-9A1E7A4F7556}") = "Demo9.ActionFilter1", "demo\9\Demo9.ActionFilter1\Demo9.ActionFilter1.csproj", "{C5F0C7B5-993B-452E-BDA1-1F4F56628920}"
EndProject
Project("{9A19103F-16F7-4668-BE54-9A1E7A4F7556}") = "Demo9.ActionFilter2", "demo\9\Demo9.ActionFilter2\Demo9.ActionFilter2.csproj", "{22DC7930-A740-4CC8-94F0-7A5BC7A3F07A}"
EndProject
Project("{9A19103F-16F7-4668-BE54-9A1E7A4F7556}") = "Demo9.ResourceFilter", "demo\9\Demo9.ResourceFilter\Demo9.ResourceFilter.csproj", "{BA8DE61A-568D-4F59-9C14-A7EFEBADEF14}"
EndProject
Project("{9A19103F-16F7-4668-BE54-9A1E7A4F7556}") = "Demo9.ExceptionFilter", "demo\9\Demo9.ExceptionFilter\Demo9.ExceptionFilter.csproj", "{171DC47E-6115-49B6-897A-93D0B66F0BFD}"
EndProject
Project("{9A19103F-16F7-4668-BE54-9A1E7A4F7556}") = "Demo2.AopLog", "demo\2\Demo2.AopLog\Demo2.AopLog.csproj", "{2B4C7D98-5187-4798-8FBB-20D6D930A8B8}"
EndProject
Project("{9A19103F-16F7-4668-BE54-9A1E7A4F7556}") = "Demo2.ES", "demo\2\Demo2.ES\Demo2.ES.csproj", "{54FF6993-FCE7-411F-9380-123B59B6B738}"
EndProject
Project("{9A19103F-16F7-4668-BE54-9A1E7A4F7556}") = "Demo2.ESTrace", "demo\2\Demo2.ESTrace\Demo2.ESTrace.csproj", "{AE1D7A1F-7446-462B-B268-4E378A67572F}"
EndProject
Project("{9A19103F-16F7-4668-BE54-9A1E7A4F7556}") = "Demo2.Diagnostics", "demo\2\Demo2.Diagnostics\Demo2.Diagnostics.csproj", "{B2754818-EF8E-4C59-93AC-3DCAD5BB3869}"
EndProject
Project("{9A19103F-16F7-4668-BE54-9A1E7A4F7556}") = "Demo3.Api", "demo\3\Demo3.Api\Demo3.Api.csproj", "{93C76C53-121D-4A54-BA4D-C7B6EDD6565A}"
EndProject
Project("{9A19103F-16F7-4668-BE54-9A1E7A4F7556}") = "Demo3.ConfigCenter", "demo\3\Demo3.ConfigCenter\Demo3.ConfigCenter.csproj", "{A2A61B35-12BA-4172-82D2-3F7D526AA564}"
EndProject
Project("{9A19103F-16F7-4668-BE54-9A1E7A4F7556}") = "Demo3.Console", "demo\3\Demo3.Console\Demo3.Console.csproj", "{26082667-4DEE-4C38-83D0-355862D12600}"
EndProject
Project("{9A19103F-16F7-4668-BE54-9A1E7A4F7556}") = "Demo9.Swagger", "demo\9\Demo9.Swagger\Demo9.Swagger.csproj", "{821EEA95-F9CE-4C62-880D-CAEE54796150}"
EndProject
Project("{9A19103F-16F7-4668-BE54-9A1E7A4F7556}") = "Maomi.Web.Core.Test", "framework\Maomi.Web.Core.Test\Maomi.Web.Core.Test.csproj", "{B73605CF-9AE7-4476-99FB-78C88468806A}"
EndProject
Project("{9A19103F-16F7-4668-BE54-9A1E7A4F7556}") = "Demo9.SwaggerVersion", "demo\9\Demo9.SwaggerVersion\Demo9.SwaggerVersion.csproj", "{55089480-0C95-494B-B2BE-1C647ADF49F9}"
EndProject
Project("{9A19103F-16F7-4668-BE54-9A1E7A4F7556}") = "Demo2.Dump", "demo\2\Demo2.Dump\Demo2.Dump.csproj", "{8C1C3121-6A3F-4803-AD8D-7EC42DB60694}"
EndProject
Project("{2150E333-8FDC-42A3-9474-1A3956D46DE8}") = "Configcenter", "Configcenter", "{A72CB242-EC4F-4B10-B743-0BD8EFD23E61}"
EndProject
Project("{9A19103F-16F7-4668-BE54-9A1E7A4F7556}") = "Demo3.ConfigClient", "demo\3\Demo3.ConfigClient\Demo3.ConfigClient.csproj", "{E1207D1B-5BDE-4E30-8FBD-27B8AEB1E811}"
EndProject
Project("{9A19103F-16F7-4668-BE54-9A1E7A4F7556}") = "Demo3.Options", "demo\3\Demo3.Options\Demo3.Options.csproj", "{BBC40F39-9B32-459D-82A8-4F120CD8DF63}"
EndProject
Project("{9A19103F-16F7-4668-BE54-9A1E7A4F7556}") = "Demo2.ScopeLog", "demo\2\Demo2.ScopeLog\Demo2.ScopeLog.csproj", "{ED5E811F-9B68-4932-908B-20E6AF4B3227}"
EndProject
Project("{FAE04EC0-301F-11D3-BF4B-00C04F79EFBC}") = "Demo9.SwaggerModel", "demo\9\Demo9.SwaggerModel\Demo9.SwaggerModel.csproj", "{BF7E561B-D0CC-410B-AA0A-0E0B7FD7D311}"
EndProject
Project("{2150E333-8FDC-42A3-9474-1A3956D46DE8}") = "templates", "templates", "{6DABCCF9-5A3C-447F-8210-8E5F094563FF}"
EndProject
Global
	GlobalSection(SolutionConfigurationPlatforms) = preSolution
		Debug|Any CPU = Debug|Any CPU
		Release|Any CPU = Release|Any CPU
	EndGlobalSection
	GlobalSection(ProjectConfigurationPlatforms) = postSolution
		{E8C68478-9793-46E7-B6C8-614EB78A641B}.Debug|Any CPU.ActiveCfg = Debug|Any CPU
		{E8C68478-9793-46E7-B6C8-614EB78A641B}.Debug|Any CPU.Build.0 = Debug|Any CPU
		{E8C68478-9793-46E7-B6C8-614EB78A641B}.Release|Any CPU.ActiveCfg = Release|Any CPU
		{E8C68478-9793-46E7-B6C8-614EB78A641B}.Release|Any CPU.Build.0 = Release|Any CPU
		{53F4A041-E3B5-40D9-8BBA-3114F9D00743}.Debug|Any CPU.ActiveCfg = Debug|Any CPU
		{53F4A041-E3B5-40D9-8BBA-3114F9D00743}.Debug|Any CPU.Build.0 = Debug|Any CPU
		{53F4A041-E3B5-40D9-8BBA-3114F9D00743}.Release|Any CPU.ActiveCfg = Release|Any CPU
		{53F4A041-E3B5-40D9-8BBA-3114F9D00743}.Release|Any CPU.Build.0 = Release|Any CPU
		{549F9A4D-E0D6-4B77-B91E-3DDA9AD9DC07}.Debug|Any CPU.ActiveCfg = Debug|Any CPU
		{549F9A4D-E0D6-4B77-B91E-3DDA9AD9DC07}.Debug|Any CPU.Build.0 = Debug|Any CPU
		{549F9A4D-E0D6-4B77-B91E-3DDA9AD9DC07}.Release|Any CPU.ActiveCfg = Release|Any CPU
		{549F9A4D-E0D6-4B77-B91E-3DDA9AD9DC07}.Release|Any CPU.Build.0 = Release|Any CPU
		{E032E2C0-63B1-49A8-AACE-F0C97DA3FFF8}.Debug|Any CPU.ActiveCfg = Debug|Any CPU
		{E032E2C0-63B1-49A8-AACE-F0C97DA3FFF8}.Debug|Any CPU.Build.0 = Debug|Any CPU
		{E032E2C0-63B1-49A8-AACE-F0C97DA3FFF8}.Release|Any CPU.ActiveCfg = Release|Any CPU
		{E032E2C0-63B1-49A8-AACE-F0C97DA3FFF8}.Release|Any CPU.Build.0 = Release|Any CPU
		{02803CEF-037B-4EAF-8B2A-F25DF60F3089}.Debug|Any CPU.ActiveCfg = Debug|Any CPU
		{02803CEF-037B-4EAF-8B2A-F25DF60F3089}.Debug|Any CPU.Build.0 = Debug|Any CPU
		{02803CEF-037B-4EAF-8B2A-F25DF60F3089}.Release|Any CPU.ActiveCfg = Release|Any CPU
		{02803CEF-037B-4EAF-8B2A-F25DF60F3089}.Release|Any CPU.Build.0 = Release|Any CPU
		{52433D42-AC06-4FB1-899E-71E166CEB772}.Debug|Any CPU.ActiveCfg = Debug|Any CPU
		{52433D42-AC06-4FB1-899E-71E166CEB772}.Debug|Any CPU.Build.0 = Debug|Any CPU
		{52433D42-AC06-4FB1-899E-71E166CEB772}.Release|Any CPU.ActiveCfg = Release|Any CPU
		{52433D42-AC06-4FB1-899E-71E166CEB772}.Release|Any CPU.Build.0 = Release|Any CPU
		{A0A501BD-59F0-47EA-B21F-9C5C540E8E22}.Debug|Any CPU.ActiveCfg = Debug|Any CPU
		{A0A501BD-59F0-47EA-B21F-9C5C540E8E22}.Debug|Any CPU.Build.0 = Debug|Any CPU
		{A0A501BD-59F0-47EA-B21F-9C5C540E8E22}.Release|Any CPU.ActiveCfg = Release|Any CPU
		{A0A501BD-59F0-47EA-B21F-9C5C540E8E22}.Release|Any CPU.Build.0 = Release|Any CPU
		{F0582F0B-43F7-4FF1-AA1E-1E9456752BE0}.Debug|Any CPU.ActiveCfg = Debug|Any CPU
		{F0582F0B-43F7-4FF1-AA1E-1E9456752BE0}.Debug|Any CPU.Build.0 = Debug|Any CPU
		{F0582F0B-43F7-4FF1-AA1E-1E9456752BE0}.Release|Any CPU.ActiveCfg = Release|Any CPU
		{F0582F0B-43F7-4FF1-AA1E-1E9456752BE0}.Release|Any CPU.Build.0 = Release|Any CPU
		{86F28BCE-1556-475D-A4B3-E9CC862AA9E2}.Debug|Any CPU.ActiveCfg = Debug|Any CPU
		{86F28BCE-1556-475D-A4B3-E9CC862AA9E2}.Debug|Any CPU.Build.0 = Debug|Any CPU
		{86F28BCE-1556-475D-A4B3-E9CC862AA9E2}.Release|Any CPU.ActiveCfg = Release|Any CPU
		{86F28BCE-1556-475D-A4B3-E9CC862AA9E2}.Release|Any CPU.Build.0 = Release|Any CPU
		{78C55CF0-2C09-4B08-B4D9-AFF3F5BDE49F}.Debug|Any CPU.ActiveCfg = Debug|Any CPU
		{78C55CF0-2C09-4B08-B4D9-AFF3F5BDE49F}.Debug|Any CPU.Build.0 = Debug|Any CPU
		{78C55CF0-2C09-4B08-B4D9-AFF3F5BDE49F}.Release|Any CPU.ActiveCfg = Release|Any CPU
		{78C55CF0-2C09-4B08-B4D9-AFF3F5BDE49F}.Release|Any CPU.Build.0 = Release|Any CPU
		{269C05CA-FECC-4689-AB14-0B2D2950A3E4}.Debug|Any CPU.ActiveCfg = Debug|Any CPU
		{269C05CA-FECC-4689-AB14-0B2D2950A3E4}.Debug|Any CPU.Build.0 = Debug|Any CPU
		{269C05CA-FECC-4689-AB14-0B2D2950A3E4}.Release|Any CPU.ActiveCfg = Release|Any CPU
		{269C05CA-FECC-4689-AB14-0B2D2950A3E4}.Release|Any CPU.Build.0 = Release|Any CPU
		{E3B0E807-85B9-48C2-B34E-D01A6247CE2E}.Debug|Any CPU.ActiveCfg = Debug|Any CPU
		{E3B0E807-85B9-48C2-B34E-D01A6247CE2E}.Debug|Any CPU.Build.0 = Debug|Any CPU
		{E3B0E807-85B9-48C2-B34E-D01A6247CE2E}.Release|Any CPU.ActiveCfg = Release|Any CPU
		{E3B0E807-85B9-48C2-B34E-D01A6247CE2E}.Release|Any CPU.Build.0 = Release|Any CPU
		{09196787-67D4-4E70-A4A3-D1807E922069}.Debug|Any CPU.ActiveCfg = Debug|Any CPU
		{09196787-67D4-4E70-A4A3-D1807E922069}.Debug|Any CPU.Build.0 = Debug|Any CPU
		{09196787-67D4-4E70-A4A3-D1807E922069}.Release|Any CPU.ActiveCfg = Release|Any CPU
		{09196787-67D4-4E70-A4A3-D1807E922069}.Release|Any CPU.Build.0 = Release|Any CPU
		{47A5CCC3-10EB-4ADB-A1C0-2248D917D1C9}.Debug|Any CPU.ActiveCfg = Debug|Any CPU
		{47A5CCC3-10EB-4ADB-A1C0-2248D917D1C9}.Debug|Any CPU.Build.0 = Debug|Any CPU
		{47A5CCC3-10EB-4ADB-A1C0-2248D917D1C9}.Release|Any CPU.ActiveCfg = Release|Any CPU
		{47A5CCC3-10EB-4ADB-A1C0-2248D917D1C9}.Release|Any CPU.Build.0 = Release|Any CPU
		{CB4C4B75-7EDC-4D7A-9A3D-9DAAA065B4F9}.Debug|Any CPU.ActiveCfg = Debug|Any CPU
		{CB4C4B75-7EDC-4D7A-9A3D-9DAAA065B4F9}.Debug|Any CPU.Build.0 = Debug|Any CPU
		{CB4C4B75-7EDC-4D7A-9A3D-9DAAA065B4F9}.Release|Any CPU.ActiveCfg = Release|Any CPU
		{CB4C4B75-7EDC-4D7A-9A3D-9DAAA065B4F9}.Release|Any CPU.Build.0 = Release|Any CPU
		{91B08CFC-74FD-4EFD-BC7E-0A541882B665}.Debug|Any CPU.ActiveCfg = Debug|Any CPU
		{91B08CFC-74FD-4EFD-BC7E-0A541882B665}.Debug|Any CPU.Build.0 = Debug|Any CPU
		{91B08CFC-74FD-4EFD-BC7E-0A541882B665}.Release|Any CPU.ActiveCfg = Release|Any CPU
		{91B08CFC-74FD-4EFD-BC7E-0A541882B665}.Release|Any CPU.Build.0 = Release|Any CPU
		{BA924397-C7F6-4612-8392-93A810964204}.Debug|Any CPU.ActiveCfg = Debug|Any CPU
		{BA924397-C7F6-4612-8392-93A810964204}.Debug|Any CPU.Build.0 = Debug|Any CPU
		{BA924397-C7F6-4612-8392-93A810964204}.Release|Any CPU.ActiveCfg = Release|Any CPU
		{BA924397-C7F6-4612-8392-93A810964204}.Release|Any CPU.Build.0 = Release|Any CPU
		{7AFE762C-4649-4CFA-9300-AD4B0D9FA71D}.Debug|Any CPU.ActiveCfg = Debug|Any CPU
		{7AFE762C-4649-4CFA-9300-AD4B0D9FA71D}.Debug|Any CPU.Build.0 = Debug|Any CPU
		{7AFE762C-4649-4CFA-9300-AD4B0D9FA71D}.Release|Any CPU.ActiveCfg = Release|Any CPU
		{7AFE762C-4649-4CFA-9300-AD4B0D9FA71D}.Release|Any CPU.Build.0 = Release|Any CPU
		{49EA9318-7156-4B6B-9873-A160FB02DEE5}.Debug|Any CPU.ActiveCfg = Debug|Any CPU
		{49EA9318-7156-4B6B-9873-A160FB02DEE5}.Debug|Any CPU.Build.0 = Debug|Any CPU
		{49EA9318-7156-4B6B-9873-A160FB02DEE5}.Release|Any CPU.ActiveCfg = Release|Any CPU
		{49EA9318-7156-4B6B-9873-A160FB02DEE5}.Release|Any CPU.Build.0 = Release|Any CPU
		{1D2BFDED-0BE1-449C-BF1C-02C4B83EA299}.Debug|Any CPU.ActiveCfg = Debug|Any CPU
		{1D2BFDED-0BE1-449C-BF1C-02C4B83EA299}.Debug|Any CPU.Build.0 = Debug|Any CPU
		{1D2BFDED-0BE1-449C-BF1C-02C4B83EA299}.Release|Any CPU.ActiveCfg = Release|Any CPU
		{1D2BFDED-0BE1-449C-BF1C-02C4B83EA299}.Release|Any CPU.Build.0 = Release|Any CPU
		{01754174-F81E-4C91-9E4C-CFCB9796BEC9}.Debug|Any CPU.ActiveCfg = Debug|Any CPU
		{01754174-F81E-4C91-9E4C-CFCB9796BEC9}.Debug|Any CPU.Build.0 = Debug|Any CPU
		{01754174-F81E-4C91-9E4C-CFCB9796BEC9}.Release|Any CPU.ActiveCfg = Release|Any CPU
		{01754174-F81E-4C91-9E4C-CFCB9796BEC9}.Release|Any CPU.Build.0 = Release|Any CPU
		{219581F0-DFBB-4CFD-BA54-9EE40DE9FAB7}.Debug|Any CPU.ActiveCfg = Debug|Any CPU
		{219581F0-DFBB-4CFD-BA54-9EE40DE9FAB7}.Debug|Any CPU.Build.0 = Debug|Any CPU
		{219581F0-DFBB-4CFD-BA54-9EE40DE9FAB7}.Release|Any CPU.ActiveCfg = Release|Any CPU
		{219581F0-DFBB-4CFD-BA54-9EE40DE9FAB7}.Release|Any CPU.Build.0 = Release|Any CPU
		{817A088E-FA17-42AE-A697-9239A5CBAFD4}.Debug|Any CPU.ActiveCfg = Debug|Any CPU
		{817A088E-FA17-42AE-A697-9239A5CBAFD4}.Debug|Any CPU.Build.0 = Debug|Any CPU
		{817A088E-FA17-42AE-A697-9239A5CBAFD4}.Release|Any CPU.ActiveCfg = Release|Any CPU
		{817A088E-FA17-42AE-A697-9239A5CBAFD4}.Release|Any CPU.Build.0 = Release|Any CPU
		{DACD1DE9-E220-4BE4-9D33-033D8915C31A}.Debug|Any CPU.ActiveCfg = Debug|Any CPU
		{DACD1DE9-E220-4BE4-9D33-033D8915C31A}.Debug|Any CPU.Build.0 = Debug|Any CPU
		{DACD1DE9-E220-4BE4-9D33-033D8915C31A}.Release|Any CPU.ActiveCfg = Release|Any CPU
		{DACD1DE9-E220-4BE4-9D33-033D8915C31A}.Release|Any CPU.Build.0 = Release|Any CPU
		{248C7F07-7F3C-4F01-9682-23EC5CB59236}.Debug|Any CPU.ActiveCfg = Debug|Any CPU
		{248C7F07-7F3C-4F01-9682-23EC5CB59236}.Debug|Any CPU.Build.0 = Debug|Any CPU
		{248C7F07-7F3C-4F01-9682-23EC5CB59236}.Release|Any CPU.ActiveCfg = Release|Any CPU
		{248C7F07-7F3C-4F01-9682-23EC5CB59236}.Release|Any CPU.Build.0 = Release|Any CPU
		{CFAA258C-BA35-40FB-A153-594AC7BBC553}.Debug|Any CPU.ActiveCfg = Debug|Any CPU
		{CFAA258C-BA35-40FB-A153-594AC7BBC553}.Debug|Any CPU.Build.0 = Debug|Any CPU
		{CFAA258C-BA35-40FB-A153-594AC7BBC553}.Release|Any CPU.ActiveCfg = Release|Any CPU
		{CFAA258C-BA35-40FB-A153-594AC7BBC553}.Release|Any CPU.Build.0 = Release|Any CPU
		{8051E557-84B7-4546-A318-9EA6F7B7B1B4}.Debug|Any CPU.ActiveCfg = Debug|Any CPU
		{8051E557-84B7-4546-A318-9EA6F7B7B1B4}.Debug|Any CPU.Build.0 = Debug|Any CPU
		{8051E557-84B7-4546-A318-9EA6F7B7B1B4}.Release|Any CPU.ActiveCfg = Release|Any CPU
		{8051E557-84B7-4546-A318-9EA6F7B7B1B4}.Release|Any CPU.Build.0 = Release|Any CPU
		{819B397C-684F-43BB-99FD-DF3D652A7FDA}.Debug|Any CPU.ActiveCfg = Debug|Any CPU
		{819B397C-684F-43BB-99FD-DF3D652A7FDA}.Debug|Any CPU.Build.0 = Debug|Any CPU
		{819B397C-684F-43BB-99FD-DF3D652A7FDA}.Release|Any CPU.ActiveCfg = Release|Any CPU
		{819B397C-684F-43BB-99FD-DF3D652A7FDA}.Release|Any CPU.Build.0 = Release|Any CPU
		{E63E5314-39BB-4187-B0AD-380146558F54}.Debug|Any CPU.ActiveCfg = Debug|Any CPU
		{E63E5314-39BB-4187-B0AD-380146558F54}.Debug|Any CPU.Build.0 = Debug|Any CPU
		{E63E5314-39BB-4187-B0AD-380146558F54}.Release|Any CPU.ActiveCfg = Release|Any CPU
		{E63E5314-39BB-4187-B0AD-380146558F54}.Release|Any CPU.Build.0 = Release|Any CPU
		{C5F0C7B5-993B-452E-BDA1-1F4F56628920}.Debug|Any CPU.ActiveCfg = Debug|Any CPU
		{C5F0C7B5-993B-452E-BDA1-1F4F56628920}.Debug|Any CPU.Build.0 = Debug|Any CPU
		{C5F0C7B5-993B-452E-BDA1-1F4F56628920}.Release|Any CPU.ActiveCfg = Release|Any CPU
		{C5F0C7B5-993B-452E-BDA1-1F4F56628920}.Release|Any CPU.Build.0 = Release|Any CPU
		{22DC7930-A740-4CC8-94F0-7A5BC7A3F07A}.Debug|Any CPU.ActiveCfg = Debug|Any CPU
		{22DC7930-A740-4CC8-94F0-7A5BC7A3F07A}.Debug|Any CPU.Build.0 = Debug|Any CPU
		{22DC7930-A740-4CC8-94F0-7A5BC7A3F07A}.Release|Any CPU.ActiveCfg = Release|Any CPU
		{22DC7930-A740-4CC8-94F0-7A5BC7A3F07A}.Release|Any CPU.Build.0 = Release|Any CPU
		{BA8DE61A-568D-4F59-9C14-A7EFEBADEF14}.Debug|Any CPU.ActiveCfg = Debug|Any CPU
		{BA8DE61A-568D-4F59-9C14-A7EFEBADEF14}.Debug|Any CPU.Build.0 = Debug|Any CPU
		{BA8DE61A-568D-4F59-9C14-A7EFEBADEF14}.Release|Any CPU.ActiveCfg = Release|Any CPU
		{BA8DE61A-568D-4F59-9C14-A7EFEBADEF14}.Release|Any CPU.Build.0 = Release|Any CPU
		{171DC47E-6115-49B6-897A-93D0B66F0BFD}.Debug|Any CPU.ActiveCfg = Debug|Any CPU
		{171DC47E-6115-49B6-897A-93D0B66F0BFD}.Debug|Any CPU.Build.0 = Debug|Any CPU
		{171DC47E-6115-49B6-897A-93D0B66F0BFD}.Release|Any CPU.ActiveCfg = Release|Any CPU
		{171DC47E-6115-49B6-897A-93D0B66F0BFD}.Release|Any CPU.Build.0 = Release|Any CPU
		{2B4C7D98-5187-4798-8FBB-20D6D930A8B8}.Debug|Any CPU.ActiveCfg = Debug|Any CPU
		{2B4C7D98-5187-4798-8FBB-20D6D930A8B8}.Debug|Any CPU.Build.0 = Debug|Any CPU
		{2B4C7D98-5187-4798-8FBB-20D6D930A8B8}.Release|Any CPU.ActiveCfg = Release|Any CPU
		{2B4C7D98-5187-4798-8FBB-20D6D930A8B8}.Release|Any CPU.Build.0 = Release|Any CPU
		{54FF6993-FCE7-411F-9380-123B59B6B738}.Debug|Any CPU.ActiveCfg = Debug|Any CPU
		{54FF6993-FCE7-411F-9380-123B59B6B738}.Debug|Any CPU.Build.0 = Debug|Any CPU
		{54FF6993-FCE7-411F-9380-123B59B6B738}.Release|Any CPU.ActiveCfg = Release|Any CPU
		{54FF6993-FCE7-411F-9380-123B59B6B738}.Release|Any CPU.Build.0 = Release|Any CPU
		{AE1D7A1F-7446-462B-B268-4E378A67572F}.Debug|Any CPU.ActiveCfg = Debug|Any CPU
		{AE1D7A1F-7446-462B-B268-4E378A67572F}.Debug|Any CPU.Build.0 = Debug|Any CPU
		{AE1D7A1F-7446-462B-B268-4E378A67572F}.Release|Any CPU.ActiveCfg = Release|Any CPU
		{AE1D7A1F-7446-462B-B268-4E378A67572F}.Release|Any CPU.Build.0 = Release|Any CPU
		{B2754818-EF8E-4C59-93AC-3DCAD5BB3869}.Debug|Any CPU.ActiveCfg = Debug|Any CPU
		{B2754818-EF8E-4C59-93AC-3DCAD5BB3869}.Debug|Any CPU.Build.0 = Debug|Any CPU
		{B2754818-EF8E-4C59-93AC-3DCAD5BB3869}.Release|Any CPU.ActiveCfg = Release|Any CPU
		{B2754818-EF8E-4C59-93AC-3DCAD5BB3869}.Release|Any CPU.Build.0 = Release|Any CPU
		{93C76C53-121D-4A54-BA4D-C7B6EDD6565A}.Debug|Any CPU.ActiveCfg = Debug|Any CPU
		{93C76C53-121D-4A54-BA4D-C7B6EDD6565A}.Debug|Any CPU.Build.0 = Debug|Any CPU
		{93C76C53-121D-4A54-BA4D-C7B6EDD6565A}.Release|Any CPU.ActiveCfg = Release|Any CPU
		{93C76C53-121D-4A54-BA4D-C7B6EDD6565A}.Release|Any CPU.Build.0 = Release|Any CPU
		{A2A61B35-12BA-4172-82D2-3F7D526AA564}.Debug|Any CPU.ActiveCfg = Debug|Any CPU
		{A2A61B35-12BA-4172-82D2-3F7D526AA564}.Debug|Any CPU.Build.0 = Debug|Any CPU
		{A2A61B35-12BA-4172-82D2-3F7D526AA564}.Release|Any CPU.ActiveCfg = Release|Any CPU
		{A2A61B35-12BA-4172-82D2-3F7D526AA564}.Release|Any CPU.Build.0 = Release|Any CPU
		{26082667-4DEE-4C38-83D0-355862D12600}.Debug|Any CPU.ActiveCfg = Debug|Any CPU
		{26082667-4DEE-4C38-83D0-355862D12600}.Debug|Any CPU.Build.0 = Debug|Any CPU
		{26082667-4DEE-4C38-83D0-355862D12600}.Release|Any CPU.ActiveCfg = Release|Any CPU
		{26082667-4DEE-4C38-83D0-355862D12600}.Release|Any CPU.Build.0 = Release|Any CPU
		{821EEA95-F9CE-4C62-880D-CAEE54796150}.Debug|Any CPU.ActiveCfg = Debug|Any CPU
		{821EEA95-F9CE-4C62-880D-CAEE54796150}.Debug|Any CPU.Build.0 = Debug|Any CPU
		{821EEA95-F9CE-4C62-880D-CAEE54796150}.Release|Any CPU.ActiveCfg = Release|Any CPU
		{821EEA95-F9CE-4C62-880D-CAEE54796150}.Release|Any CPU.Build.0 = Release|Any CPU
		{B73605CF-9AE7-4476-99FB-78C88468806A}.Debug|Any CPU.ActiveCfg = Debug|Any CPU
		{B73605CF-9AE7-4476-99FB-78C88468806A}.Debug|Any CPU.Build.0 = Debug|Any CPU
		{B73605CF-9AE7-4476-99FB-78C88468806A}.Release|Any CPU.ActiveCfg = Release|Any CPU
		{B73605CF-9AE7-4476-99FB-78C88468806A}.Release|Any CPU.Build.0 = Release|Any CPU
		{55089480-0C95-494B-B2BE-1C647ADF49F9}.Debug|Any CPU.ActiveCfg = Debug|Any CPU
		{55089480-0C95-494B-B2BE-1C647ADF49F9}.Debug|Any CPU.Build.0 = Debug|Any CPU
		{55089480-0C95-494B-B2BE-1C647ADF49F9}.Release|Any CPU.ActiveCfg = Release|Any CPU
		{55089480-0C95-494B-B2BE-1C647ADF49F9}.Release|Any CPU.Build.0 = Release|Any CPU
		{8C1C3121-6A3F-4803-AD8D-7EC42DB60694}.Debug|Any CPU.ActiveCfg = Debug|Any CPU
		{8C1C3121-6A3F-4803-AD8D-7EC42DB60694}.Debug|Any CPU.Build.0 = Debug|Any CPU
		{8C1C3121-6A3F-4803-AD8D-7EC42DB60694}.Release|Any CPU.ActiveCfg = Release|Any CPU
		{8C1C3121-6A3F-4803-AD8D-7EC42DB60694}.Release|Any CPU.Build.0 = Release|Any CPU
		{E1207D1B-5BDE-4E30-8FBD-27B8AEB1E811}.Debug|Any CPU.ActiveCfg = Debug|Any CPU
		{E1207D1B-5BDE-4E30-8FBD-27B8AEB1E811}.Debug|Any CPU.Build.0 = Debug|Any CPU
		{E1207D1B-5BDE-4E30-8FBD-27B8AEB1E811}.Release|Any CPU.ActiveCfg = Release|Any CPU
		{E1207D1B-5BDE-4E30-8FBD-27B8AEB1E811}.Release|Any CPU.Build.0 = Release|Any CPU
		{BBC40F39-9B32-459D-82A8-4F120CD8DF63}.Debug|Any CPU.ActiveCfg = Debug|Any CPU
		{BBC40F39-9B32-459D-82A8-4F120CD8DF63}.Debug|Any CPU.Build.0 = Debug|Any CPU
		{BBC40F39-9B32-459D-82A8-4F120CD8DF63}.Release|Any CPU.ActiveCfg = Release|Any CPU
		{BBC40F39-9B32-459D-82A8-4F120CD8DF63}.Release|Any CPU.Build.0 = Release|Any CPU
		{ED5E811F-9B68-4932-908B-20E6AF4B3227}.Debug|Any CPU.ActiveCfg = Debug|Any CPU
		{ED5E811F-9B68-4932-908B-20E6AF4B3227}.Debug|Any CPU.Build.0 = Debug|Any CPU
		{ED5E811F-9B68-4932-908B-20E6AF4B3227}.Release|Any CPU.ActiveCfg = Release|Any CPU
		{ED5E811F-9B68-4932-908B-20E6AF4B3227}.Release|Any CPU.Build.0 = Release|Any CPU
		{BF7E561B-D0CC-410B-AA0A-0E0B7FD7D311}.Debug|Any CPU.ActiveCfg = Debug|Any CPU
		{BF7E561B-D0CC-410B-AA0A-0E0B7FD7D311}.Debug|Any CPU.Build.0 = Debug|Any CPU
		{BF7E561B-D0CC-410B-AA0A-0E0B7FD7D311}.Release|Any CPU.ActiveCfg = Release|Any CPU
		{BF7E561B-D0CC-410B-AA0A-0E0B7FD7D311}.Release|Any CPU.Build.0 = Release|Any CPU
	EndGlobalSection
	GlobalSection(SolutionProperties) = preSolution
		HideSolutionNode = FALSE
	EndGlobalSection
	GlobalSection(NestedProjects) = preSolution
		{E8C68478-9793-46E7-B6C8-614EB78A641B} = {34494A92-1E89-46E6-8504-A8558E9B43AC}
		{53F4A041-E3B5-40D9-8BBA-3114F9D00743} = {34494A92-1E89-46E6-8504-A8558E9B43AC}
		{3F478664-4837-4CBB-BA5A-A3C61F6668F1} = {EDF4DC8D-8FA5-425B-BA01-23617A9DCE50}
		{549F9A4D-E0D6-4B77-B91E-3DDA9AD9DC07} = {3F478664-4837-4CBB-BA5A-A3C61F6668F1}
		{E032E2C0-63B1-49A8-AACE-F0C97DA3FFF8} = {3F478664-4837-4CBB-BA5A-A3C61F6668F1}
		{6FDBFD60-1F24-416D-90DD-461CF93B67D6} = {EDF4DC8D-8FA5-425B-BA01-23617A9DCE50}
		{C1EC0CEB-690F-48FB-A491-20506246EF6A} = {EDF4DC8D-8FA5-425B-BA01-23617A9DCE50}
		{02803CEF-037B-4EAF-8B2A-F25DF60F3089} = {6FDBFD60-1F24-416D-90DD-461CF93B67D6}
		{52433D42-AC06-4FB1-899E-71E166CEB772} = {6FDBFD60-1F24-416D-90DD-461CF93B67D6}
		{DE9CB486-58F1-49D1-B9D9-59BE0E2D4A4F} = {EDF4DC8D-8FA5-425B-BA01-23617A9DCE50}
		{C54DE49A-ADA6-4526-845F-40BF97386890} = {EDF4DC8D-8FA5-425B-BA01-23617A9DCE50}
		{A0A501BD-59F0-47EA-B21F-9C5C540E8E22} = {DE9CB486-58F1-49D1-B9D9-59BE0E2D4A4F}
		{F0582F0B-43F7-4FF1-AA1E-1E9456752BE0} = {DE9CB486-58F1-49D1-B9D9-59BE0E2D4A4F}
		{86F28BCE-1556-475D-A4B3-E9CC862AA9E2} = {34494A92-1E89-46E6-8504-A8558E9B43AC}
		{78C55CF0-2C09-4B08-B4D9-AFF3F5BDE49F} = {C54DE49A-ADA6-4526-845F-40BF97386890}
		{269C05CA-FECC-4689-AB14-0B2D2950A3E4} = {CE8B1FCE-0FF4-483C-B362-E5275769E057}
		{E3B0E807-85B9-48C2-B34E-D01A6247CE2E} = {34494A92-1E89-46E6-8504-A8558E9B43AC}
		{CE8B1FCE-0FF4-483C-B362-E5275769E057} = {EDF4DC8D-8FA5-425B-BA01-23617A9DCE50}
		{09196787-67D4-4E70-A4A3-D1807E922069} = {CE8B1FCE-0FF4-483C-B362-E5275769E057}
		{0E8BD1B5-6FF9-451C-9C73-52D3A45F74C5} = {EDF4DC8D-8FA5-425B-BA01-23617A9DCE50}
		{47A5CCC3-10EB-4ADB-A1C0-2248D917D1C9} = {34494A92-1E89-46E6-8504-A8558E9B43AC}
		{CB4C4B75-7EDC-4D7A-9A3D-9DAAA065B4F9} = {34494A92-1E89-46E6-8504-A8558E9B43AC}
		{6AAD62A7-CE11-4F5C-B679-9A7062CF6F51} = {EDF4DC8D-8FA5-425B-BA01-23617A9DCE50}
		{91B08CFC-74FD-4EFD-BC7E-0A541882B665} = {4F5E5E53-FEC7-4348-8C57-7FC9FA118BB2}
		{BA924397-C7F6-4612-8392-93A810964204} = {4F5E5E53-FEC7-4348-8C57-7FC9FA118BB2}
		{6945D2E4-394A-4F03-A877-C5AFED245929} = {EDF4DC8D-8FA5-425B-BA01-23617A9DCE50}
		{7AFE762C-4649-4CFA-9300-AD4B0D9FA71D} = {34494A92-1E89-46E6-8504-A8558E9B43AC}
		{49EA9318-7156-4B6B-9873-A160FB02DEE5} = {34494A92-1E89-46E6-8504-A8558E9B43AC}
		{1D2BFDED-0BE1-449C-BF1C-02C4B83EA299} = {C54DE49A-ADA6-4526-845F-40BF97386890}
		{01754174-F81E-4C91-9E4C-CFCB9796BEC9} = {C54DE49A-ADA6-4526-845F-40BF97386890}
		{219581F0-DFBB-4CFD-BA54-9EE40DE9FAB7} = {C54DE49A-ADA6-4526-845F-40BF97386890}
		{4F5E5E53-FEC7-4348-8C57-7FC9FA118BB2} = {0E8BD1B5-6FF9-451C-9C73-52D3A45F74C5}
		{817A088E-FA17-42AE-A697-9239A5CBAFD4} = {4F5E5E53-FEC7-4348-8C57-7FC9FA118BB2}
		{DACD1DE9-E220-4BE4-9D33-033D8915C31A} = {0E8BD1B5-6FF9-451C-9C73-52D3A45F74C5}
		{248C7F07-7F3C-4F01-9682-23EC5CB59236} = {0E8BD1B5-6FF9-451C-9C73-52D3A45F74C5}
		{CFAA258C-BA35-40FB-A153-594AC7BBC553} = {0E8BD1B5-6FF9-451C-9C73-52D3A45F74C5}
		{8051E557-84B7-4546-A318-9EA6F7B7B1B4} = {0E8BD1B5-6FF9-451C-9C73-52D3A45F74C5}
		{819B397C-684F-43BB-99FD-DF3D652A7FDA} = {6AAD62A7-CE11-4F5C-B679-9A7062CF6F51}
		{E63E5314-39BB-4187-B0AD-380146558F54} = {6AAD62A7-CE11-4F5C-B679-9A7062CF6F51}
		{C5F0C7B5-993B-452E-BDA1-1F4F56628920} = {6AAD62A7-CE11-4F5C-B679-9A7062CF6F51}
		{22DC7930-A740-4CC8-94F0-7A5BC7A3F07A} = {6AAD62A7-CE11-4F5C-B679-9A7062CF6F51}
		{BA8DE61A-568D-4F59-9C14-A7EFEBADEF14} = {6AAD62A7-CE11-4F5C-B679-9A7062CF6F51}
		{171DC47E-6115-49B6-897A-93D0B66F0BFD} = {6AAD62A7-CE11-4F5C-B679-9A7062CF6F51}
		{2B4C7D98-5187-4798-8FBB-20D6D930A8B8} = {6FDBFD60-1F24-416D-90DD-461CF93B67D6}
		{54FF6993-FCE7-411F-9380-123B59B6B738} = {6FDBFD60-1F24-416D-90DD-461CF93B67D6}
		{AE1D7A1F-7446-462B-B268-4E378A67572F} = {6FDBFD60-1F24-416D-90DD-461CF93B67D6}
		{B2754818-EF8E-4C59-93AC-3DCAD5BB3869} = {6FDBFD60-1F24-416D-90DD-461CF93B67D6}
		{93C76C53-121D-4A54-BA4D-C7B6EDD6565A} = {A72CB242-EC4F-4B10-B743-0BD8EFD23E61}
		{A2A61B35-12BA-4172-82D2-3F7D526AA564} = {A72CB242-EC4F-4B10-B743-0BD8EFD23E61}
		{26082667-4DEE-4C38-83D0-355862D12600} = {C1EC0CEB-690F-48FB-A491-20506246EF6A}
		{821EEA95-F9CE-4C62-880D-CAEE54796150} = {6AAD62A7-CE11-4F5C-B679-9A7062CF6F51}
		{B73605CF-9AE7-4476-99FB-78C88468806A} = {34494A92-1E89-46E6-8504-A8558E9B43AC}
		{55089480-0C95-494B-B2BE-1C647ADF49F9} = {6AAD62A7-CE11-4F5C-B679-9A7062CF6F51}
		{8C1C3121-6A3F-4803-AD8D-7EC42DB60694} = {6FDBFD60-1F24-416D-90DD-461CF93B67D6}
		{A72CB242-EC4F-4B10-B743-0BD8EFD23E61} = {C1EC0CEB-690F-48FB-A491-20506246EF6A}
		{E1207D1B-5BDE-4E30-8FBD-27B8AEB1E811} = {A72CB242-EC4F-4B10-B743-0BD8EFD23E61}
		{BBC40F39-9B32-459D-82A8-4F120CD8DF63} = {A72CB242-EC4F-4B10-B743-0BD8EFD23E61}
		{ED5E811F-9B68-4932-908B-20E6AF4B3227} = {6FDBFD60-1F24-416D-90DD-461CF93B67D6}
		{BF7E561B-D0CC-410B-AA0A-0E0B7FD7D311} = {6AAD62A7-CE11-4F5C-B679-9A7062CF6F51}
	EndGlobalSection
	GlobalSection(ExtensibilityGlobals) = postSolution
		SolutionGuid = {0912EEF8-B8DF-4911-825C-B9B65FC0A716}
	EndGlobalSection
EndGlobal
