
Microsoft Visual Studio Solution File, Format Version 12.00
# Visual Studio Version 17
VisualStudioVersion = 17.0.31903.59
MinimumVisualStudioVersion = 10.0.40219.1
Project("{9A19103F-16F7-4668-BE54-9A1E7A4F7556}") = "Maomi.Lib", "Maomi.Lib\Maomi.Lib.csproj", "{32B3C605-F2A4-40D8-A054-BAFBE9B65421}"
EndProject
Project("{9A19103F-16F7-4668-BE54-9A1E7A4F7556}") = "Maomi.Console", "Maomi.Console\Maomi.Console.csproj", "{D6F6D6EA-7A43-47DA-A0A0-8B6312F60CFB}"
EndProject
Global
	GlobalSection(SolutionConfigurationPlatforms) = preSolution
		Debug|Any CPU = Debug|Any CPU
		Release|Any CPU = Release|Any CPU
	EndGlobalSection
	GlobalSection(ProjectConfigurationPlatforms) = postSolution
		{32B3C605-F2A4-40D8-A054-BAFBE9B65421}.Debug|Any CPU.ActiveCfg = Debug|Any CPU
		{32B3C605-F2A4-40D8-A054-BAFBE9B65421}.Debug|Any CPU.Build.0 = Debug|Any CPU
		{32B3C605-F2A4-40D8-A054-BAFBE9B65421}.Release|Any CPU.ActiveCfg = Release|Any CPU
		{32B3C605-F2A4-40D8-A054-BAFBE9B65421}.Release|Any CPU.Build.0 = Release|Any CPU
		{D6F6D6EA-7A43-47DA-A0A0-8B6312F60CFB}.Debug|Any CPU.ActiveCfg = Debug|Any CPU
		{D6F6D6EA-7A43-47DA-A0A0-8B6312F60CFB}.Debug|Any CPU.Build.0 = Debug|Any CPU
		{D6F6D6EA-7A43-47DA-A0A0-8B6312F60CFB}.Release|Any CPU.ActiveCfg = Release|Any CPU
		{D6F6D6EA-7A43-47DA-A0A0-8B6312F60CFB}.Release|Any CPU.Build.0 = Release|Any CPU
	EndGlobalSection
	GlobalSection(SolutionProperties) = preSolution
		HideSolutionNode = FALSE
	EndGlobalSection
EndGlobal
